
Microsoft Visual Studio Solution File, Format Version 12.00
# Visual Studio Version 16
VisualStudioVersion = 16.0.30621.155
MinimumVisualStudioVersion = 10.0.40219.1
Project("{FAE04EC0-301F-11D3-BF4B-00C04F79EFBC}") = "TipCalculator", "TipCalculator\TipCalculator.csproj", "{CEC92290-E2F6-43FB-B3CD-3912F2350F56}"
EndProject
Global
	GlobalSection(SolutionConfigurationPlatforms) = preSolution
		Debug|Any CPU = Debug|Any CPU
		Release|Any CPU = Release|Any CPU
	EndGlobalSection
	GlobalSection(ProjectConfigurationPlatforms) = postSolution
		{CEC92290-E2F6-43FB-B3CD-3912F2350F56}.Debug|Any CPU.ActiveCfg = Debug|Any CPU
		{CEC92290-E2F6-43FB-B3CD-3912F2350F56}.Debug|Any CPU.Build.0 = Debug|Any CPU
		{CEC92290-E2F6-43FB-B3CD-3912F2350F56}.Debug|Any CPU.Deploy.0 = Debug|Any CPU
		{CEC92290-E2F6-43FB-B3CD-3912F2350F56}.Release|Any CPU.ActiveCfg = Release|Any CPU
		{CEC92290-E2F6-43FB-B3CD-3912F2350F56}.Release|Any CPU.Build.0 = Release|Any CPU
		{CEC92290-E2F6-43FB-B3CD-3912F2350F56}.Release|Any CPU.Deploy.0 = Release|Any CPU
	EndGlobalSection
	GlobalSection(SolutionProperties) = preSolution
		HideSolutionNode = FALSE
	EndGlobalSection
	GlobalSection(ExtensibilityGlobals) = postSolution
		SolutionGuid = {EFC2CB81-CDCD-4AC3-8A1A-0FC0B3807E94}
	EndGlobalSection
EndGlobal
